
Microsoft Visual Studio Solution File, Format Version 12.00
# Visual Studio Version 16
VisualStudioVersion = 16.0.30011.22
MinimumVisualStudioVersion = 10.0.40219.1
Project("{FAE04EC0-301F-11D3-BF4B-00C04F79EFBC}") = "Lufthavn", "Lufthavn.csproj", "{2AAE9536-EA41-4A78-A44E-375115C945FB}"
EndProject
Global
	GlobalSection(SolutionConfigurationPlatforms) = preSolution
		Debug|Any CPU = Debug|Any CPU
		Release|Any CPU = Release|Any CPU
	EndGlobalSection
	GlobalSection(ProjectConfigurationPlatforms) = postSolution
		{2AAE9536-EA41-4A78-A44E-375115C945FB}.Debug|Any CPU.ActiveCfg = Debug|Any CPU
		{2AAE9536-EA41-4A78-A44E-375115C945FB}.Debug|Any CPU.Build.0 = Debug|Any CPU
		{2AAE9536-EA41-4A78-A44E-375115C945FB}.Release|Any CPU.ActiveCfg = Release|Any CPU
		{2AAE9536-EA41-4A78-A44E-375115C945FB}.Release|Any CPU.Build.0 = Release|Any CPU
	EndGlobalSection
	GlobalSection(SolutionProperties) = preSolution
		HideSolutionNode = FALSE
	EndGlobalSection
	GlobalSection(ExtensibilityGlobals) = postSolution
		SolutionGuid = {2E4E646C-BC4F-475C-845E-7367AB9E5E75}
	EndGlobalSection
EndGlobal
